
Microsoft Visual Studio Solution File, Format Version 12.00
# Visual Studio Version 17
VisualStudioVersion = 17.4.33110.190
MinimumVisualStudioVersion = 10.0.40219.1
Project("{FAE04EC0-301F-11D3-BF4B-00C04F79EFBC}") = "SomiodWebApplication", "SomiodWebApplication\SomiodWebApplication.csproj", "{D609468A-C239-4F5B-A8BE-745483F13A76}"
EndProject
Project("{FAE04EC0-301F-11D3-BF4B-00C04F79EFBC}") = "SomiodTestApplication", "SomiodTestApplication\SomiodTestApplication.csproj", "{0672BE51-4510-4722-9053-F5AC0577DCD8}"
EndProject
Project("{FAE04EC0-301F-11D3-BF4B-00C04F79EFBC}") = "RemoteLights", "RemoteLights\RemoteLights.csproj", "{95ADD305-8CA5-4BAA-8B3B-DD3849A7C14B}"
EndProject
Project("{FAE04EC0-301F-11D3-BF4B-00C04F79EFBC}") = "LightA", "LightA\LightA.csproj", "{0A7F1300-4850-4000-9542-9435BC1D5740}"
EndProject
Global
	GlobalSection(SolutionConfigurationPlatforms) = preSolution
		Debug|Any CPU = Debug|Any CPU
		Release|Any CPU = Release|Any CPU
	EndGlobalSection
	GlobalSection(ProjectConfigurationPlatforms) = postSolution
		{D609468A-C239-4F5B-A8BE-745483F13A76}.Debug|Any CPU.ActiveCfg = Debug|Any CPU
		{D609468A-C239-4F5B-A8BE-745483F13A76}.Debug|Any CPU.Build.0 = Debug|Any CPU
		{D609468A-C239-4F5B-A8BE-745483F13A76}.Release|Any CPU.ActiveCfg = Release|Any CPU
		{D609468A-C239-4F5B-A8BE-745483F13A76}.Release|Any CPU.Build.0 = Release|Any CPU
		{0672BE51-4510-4722-9053-F5AC0577DCD8}.Debug|Any CPU.ActiveCfg = Debug|Any CPU
		{0672BE51-4510-4722-9053-F5AC0577DCD8}.Debug|Any CPU.Build.0 = Debug|Any CPU
		{0672BE51-4510-4722-9053-F5AC0577DCD8}.Release|Any CPU.ActiveCfg = Release|Any CPU
		{0672BE51-4510-4722-9053-F5AC0577DCD8}.Release|Any CPU.Build.0 = Release|Any CPU
		{95ADD305-8CA5-4BAA-8B3B-DD3849A7C14B}.Debug|Any CPU.ActiveCfg = Debug|Any CPU
		{95ADD305-8CA5-4BAA-8B3B-DD3849A7C14B}.Debug|Any CPU.Build.0 = Debug|Any CPU
		{95ADD305-8CA5-4BAA-8B3B-DD3849A7C14B}.Release|Any CPU.ActiveCfg = Release|Any CPU
		{95ADD305-8CA5-4BAA-8B3B-DD3849A7C14B}.Release|Any CPU.Build.0 = Release|Any CPU
		{0A7F1300-4850-4000-9542-9435BC1D5740}.Debug|Any CPU.ActiveCfg = Debug|Any CPU
		{0A7F1300-4850-4000-9542-9435BC1D5740}.Debug|Any CPU.Build.0 = Debug|Any CPU
		{0A7F1300-4850-4000-9542-9435BC1D5740}.Release|Any CPU.ActiveCfg = Release|Any CPU
		{0A7F1300-4850-4000-9542-9435BC1D5740}.Release|Any CPU.Build.0 = Release|Any CPU
	EndGlobalSection
	GlobalSection(SolutionProperties) = preSolution
		HideSolutionNode = FALSE
	EndGlobalSection
	GlobalSection(ExtensibilityGlobals) = postSolution
		SolutionGuid = {6E4356BC-D19F-4016-8408-0D1E0B76522E}
	EndGlobalSection
EndGlobal
